// !$*UTF8*$!
{
	archiveVersion = 1;
	classes = {
	};
	objectVersion = 46;
	objects = {

/* Begin PBXBuildFile section */
		42C5C6731C1B8D5500CA69B7 /* AppDelegate.swift in Sources */ = {isa = PBXBuildFile; fileRef = 42C5C6721C1B8D5500CA69B7 /* AppDelegate.swift */; };
		42C5C6751C1B8D5500CA69B7 /* ViewController.swift in Sources */ = {isa = PBXBuildFile; fileRef = 42C5C6741C1B8D5500CA69B7 /* ViewController.swift */; };
		42C5C6781C1B8D5500CA69B7 /* Main.storyboard in Resources */ = {isa = PBXBuildFile; fileRef = 42C5C6761C1B8D5500CA69B7 /* Main.storyboard */; };
		42C5C67A1C1B8D5500CA69B7 /* Assets.xcassets in Resources */ = {isa = PBXBuildFile; fileRef = 42C5C6791C1B8D5500CA69B7 /* Assets.xcassets */; };
		42C5C67D1C1B8D5500CA69B7 /* LaunchScreen.storyboard in Resources */ = {isa = PBXBuildFile; fileRef = 42C5C67B1C1B8D5500CA69B7 /* LaunchScreen.storyboard */; };
/* End PBXBuildFile section */

/* Begin PBXFileReference section */
		42C5C66F1C1B8D5500CA69B7 /* Section-02-Exercise-01-HideBird.app */ = {isa = PBXFileReference; explicitFileType = wrapper.application; includeInIndex = 0; path = "Section-02-Exercise-01-HideBird.app"; sourceTree = BUILT_PRODUCTS_DIR; };
		42C5C6721C1B8D5500CA69B7 /* AppDelegate.swift */ = {isa = PBXFileReference; lastKnownFileType = sourcecode.swift; path = AppDelegate.swift; sourceTree = "<group>"; };
		42C5C6741C1B8D5500CA69B7 /* ViewController.swift */ = {isa = PBXFileReference; lastKnownFileType = sourcecode.swift; path = ViewController.swift; sourceTree = "<group>"; };
		42C5C6771C1B8D5500CA69B7 /* Base */ = {isa = PBXFileReference; lastKnownFileType = file.storyboard; name = Base; path = Base.lproj/Main.storyboard; sourceTree = "<group>"; };
		42C5C6791C1B8D5500CA69B7 /* Assets.xcassets */ = {isa = PBXFileReference; lastKnownFileType = folder.assetcatalog; path = Assets.xcassets; sourceTree = "<group>"; };
		42C5C67C1C1B8D5500CA69B7 /* Base */ = {isa = PBXFileReference; lastKnownFileType = file.storyboard; name = Base; path = Base.lproj/LaunchScreen.storyboard; sourceTree = "<group>"; };
		42C5C67E1C1B8D5500CA69B7 /* Info.plist */ = {isa = PBXFileReference; lastKnownFileType = text.plist.xml; path = Info.plist; sourceTree = "<group>"; };
/* End PBXFileReference section */

/* Begin PBXFrameworksBuildPhase section */
		42C5C66C1C1B8D5500CA69B7 /* Frameworks */ = {
			isa = PBXFrameworksBuildPhase;
			buildActionMask = 2147483647;
			files = (
			);
			runOnlyForDeploymentPostprocessing = 0;
		};
/* End PBXFrameworksBuildPhase section */

/* Begin PBXGroup section */
		42C5C6661C1B8D5500CA69B7 = {
			isa = PBXGroup;
			children = (
				42C5C6711C1B8D5500CA69B7 /* Section-02-Exercise-01-HideBird */,
				42C5C6701C1B8D5500CA69B7 /* Products */,
			);
			sourceTree = "<group>";
		};
		42C5C6701C1B8D5500CA69B7 /* Products */ = {
			isa = PBXGroup;
			children = (
				42C5C66F1C1B8D5500CA69B7 /* Section-02-Exercise-01-HideBird.app */,
			);
			name = Products;
			sourceTree = "<group>";
		};
		42C5C6711C1B8D5500CA69B7 /* Section-02-Exercise-01-HideBird */ = {
			isa = PBXGroup;
			children = (
				42C5C6721C1B8D5500CA69B7 /* AppDelegate.swift */,
				42C5C6741C1B8D5500CA69B7 /* ViewController.swift */,
				42C5C6761C1B8D5500CA69B7 /* Main.storyboard */,
				42C5C6791C1B8D5500CA69B7 /* Assets.xcassets */,
				42C5C67B1C1B8D5500CA69B7 /* LaunchScreen.storyboard */,
				42C5C67E1C1B8D5500CA69B7 /* Info.plist */,
			);
			path = "Section-02-Exercise-01-HideBird";
			sourceTree = "<group>";
		};
/* End PBXGroup section */

/* Begin PBXNativeTarget section */
		42C5C66E1C1B8D5500CA69B7 /* Section-02-Exercise-01-HideBird */ = {
			isa = PBXNativeTarget;
			buildConfigurationList = 42C5C6811C1B8D5500CA69B7 /* Build configuration list for PBXNativeTarget "Section-02-Exercise-01-HideBird" */;
			buildPhases = (
				42C5C66B1C1B8D5500CA69B7 /* Sources */,
				42C5C66C1C1B8D5500CA69B7 /* Frameworks */,
				42C5C66D1C1B8D5500CA69B7 /* Resources */,
			);
			buildRules = (
			);
			dependencies = (
			);
			name = "Section-02-Exercise-01-HideBird";
			productName = "Section-02-Exercise-01-HideBird";
			productReference = 42C5C66F1C1B8D5500CA69B7 /* Section-02-Exercise-01-HideBird.app */;
			productType = "com.apple.product-type.application";
		};
/* End PBXNativeTarget section */

/* Begin PBXProject section */
		42C5C6671C1B8D5500CA69B7 /* Project object */ = {
			isa = PBXProject;
			attributes = {
				LastSwiftUpdateCheck = 0720;
				LastUpgradeCheck = 0720;
				ORGANIZATIONNAME = "Tonni Hyldgaard";
				TargetAttributes = {
					42C5C66E1C1B8D5500CA69B7 = {
						CreatedOnToolsVersion = 7.2;
					};
				};
			};
			buildConfigurationList = 42C5C66A1C1B8D5500CA69B7 /* Build configuration list for PBXProject "Section-02-Exercise-01-HideBird" */;
			compatibilityVersion = "Xcode 3.2";
			developmentRegion = English;
			hasScannedForEncodings = 0;
			knownRegions = (
				en,
				Base,
			);
			mainGroup = 42C5C6661C1B8D5500CA69B7;
			productRefGroup = 42C5C6701C1B8D5500CA69B7 /* Products */;
			projectDirPath = "";
			projectRoot = "";
			targets = (
				42C5C66E1C1B8D5500CA69B7 /* Section-02-Exercise-01-HideBird */,
			);
		};
/* End PBXProject section */

/* Begin PBXResourcesBuildPhase section */
		42C5C66D1C1B8D5500CA69B7 /* Resources */ = {
			isa = PBXResourcesBuildPhase;
			buildActionMask = 2147483647;
			files = (
				42C5C67D1C1B8D5500CA69B7 /* LaunchScreen.storyboard in Resources */,
				42C5C67A1C1B8D5500CA69B7 /* Assets.xcassets in Resources */,
				42C5C6781C1B8D5500CA69B7 /* Main.storyboard in Resources */,
			);
			runOnlyForDeploymentPostprocessing = 0;
		};
/* End PBXResourcesBuildPhase section */

/* Begin PBXSourcesBuildPhase section */
		42C5C66B1C1B8D5500CA69B7 /* Sources */ = {
			isa = PBXSourcesBuildPhase;
			buildActionMask = 2147483647;
			files = (
				42C5C6751C1B8D5500CA69B7 /* ViewController.swift in Sources */,
				42C5C6731C1B8D5500CA69B7 /* AppDelegate.swift in Sources */,
			);
			runOnlyForDeploymentPostprocessing = 0;
		};
/* End PBXSourcesBuildPhase section */

/* Begin PBXVariantGroup section */
		42C5C6761C1B8D5500CA69B7 /* Main.storyboard */ = {
			isa = PBXVariantGroup;
			children = (
				42C5C6771C1B8D5500CA69B7 /* Base */,
			);
			name = Main.storyboard;
			sourceTree = "<group>";
		};
		42C5C67B1C1B8D5500CA69B7 /* LaunchScreen.storyboard */ = {
			isa = PBXVariantGroup;
			children = (
				42C5C67C1C1B8D5500CA69B7 /* Base */,
			);
			name = LaunchScreen.storyboard;
			sourceTree = "<group>";
		};
/* End PBXVariantGroup section */

/* Begin XCBuildConfiguration section */
		42C5C67F1C1B8D5500CA69B7 /* Debug */ = {
			isa = XCBuildConfiguration;
			buildSettings = {
				ALWAYS_SEARCH_USER_PATHS = NO;
				CLANG_CXX_LANGUAGE_STANDARD = "gnu++0x";
				CLANG_CXX_LIBRARY = "libc++";
				CLANG_ENABLE_MODULES = YES;
				CLANG_ENABLE_OBJC_ARC = YES;
				CLANG_WARN_BOOL_CONVERSION = YES;
				CLANG_WARN_CONSTANT_CONVERSION = YES;
				CLANG_WARN_DIRECT_OBJC_ISA_USAGE = YES_ERROR;
				CLANG_WARN_EMPTY_BODY = YES;
				CLANG_WARN_ENUM_CONVERSION = YES;
				CLANG_WARN_INT_CONVERSION = YES;
				CLANG_WARN_OBJC_ROOT_CLASS = YES_ERROR;
				CLANG_WARN_UNREACHABLE_CODE = YES;
				CLANG_WARN__DUPLICATE_METHOD_MATCH = YES;
				"CODE_SIGN_IDENTITY[sdk=iphoneos*]" = "iPhone Developer";
				COPY_PHASE_STRIP = NO;
				DEBUG_INFORMATION_FORMAT = dwarf;
				ENABLE_STRICT_OBJC_MSGSEND = YES;
				ENABLE_TESTABILITY = YES;
				GCC_C_LANGUAGE_STANDARD = gnu99;
				GCC_DYNAMIC_NO_PIC = NO;
				GCC_NO_COMMON_BLOCKS = YES;
				GCC_OPTIMIZATION_LEVEL = 0;
				GCC_PREPROCESSOR_DEFINITIONS = (
					"DEBUG=1",
					"$(inherited)",
				);
				GCC_WARN_64_TO_32_BIT_CONVERSION = YES;
				GCC_WARN_ABOUT_RETURN_TYPE = YES_ERROR;
				GCC_WARN_UNDECLARED_SELECTOR = YES;
				GCC_WARN_UNINITIALIZED_AUTOS = YES_AGGRESSIVE;
				GCC_WARN_UNUSED_FUNCTION = YES;
				GCC_WARN_UNUSED_VARIABLE = YES;
				IPHONEOS_DEPLOYMENT_TARGET = 9.2;
				MTL_ENABLE_DEBUG_INFO = YES;
				ONLY_ACTIVE_ARCH = YES;
				SDKROOT = iphoneos;
				SWIFT_OPTIMIZATION_LEVEL = "-Onone";
			};
			name = Debug;
		};
		42C5C6801C1B8D5500CA69B7 /* Release */ = {
			isa = XCBuildConfiguration;
			buildSettings = {
				ALWAYS_SEARCH_USER_PATHS = NO;
				CLANG_CXX_LANGUAGE_STANDARD = "gnu++0x";
				CLANG_CXX_LIBRARY = "libc++";
				CLANG_ENABLE_MODULES = YES;
				CLANG_ENABLE_OBJC_ARC = YES;
				CLANG_WARN_BOOL_CONVERSION = YES;
				CLANG_WARN_CONSTANT_CONVERSION = YES;
				CLANG_WARN_DIRECT_OBJC_ISA_USAGE = YES_ERROR;
				CLANG_WARN_EMPTY_BODY = YES;
				CLANG_WARN_ENUM_CONVERSION = YES;
				CLANG_WARN_INT_CONVERSION = YES;
				CLANG_WARN_OBJC_ROOT_CLASS = YES_ERROR;
				CLANG_WARN_UNREACHABLE_CODE = YES;
				CLANG_WARN__DUPLICATE_METHOD_MATCH = YES;
				"CODE_SIGN_IDENTITY[sdk=iphoneos*]" = "iPhone Developer";
				COPY_PHASE_STRIP = NO;
				DEBUG_INFORMATION_FORMAT = "dwarf-with-dsym";
				ENABLE_NS_ASSERTIONS = NO;
				ENABLE_STRICT_OBJC_MSGSEND = YES;
				GCC_C_LANGUAGE_STANDARD = gnu99;
				GCC_NO_COMMON_BLOCKS = YES;
				GCC_WARN_64_TO_32_BIT_CONVERSION = YES;
				GCC_WARN_ABOUT_RETURN_TYPE = YES_ERROR;
				GCC_WARN_UNDECLARED_SELECTOR = YES;
				GCC_WARN_UNINITIALIZED_AUTOS = YES_AGGRESSIVE;
				GCC_WARN_UNUSED_FUNCTION = YES;
				GCC_WARN_UNUSED_VARIABLE = YES;
				IPHONEOS_DEPLOYMENT_TARGET = 9.2;
				MTL_ENABLE_DEBUG_INFO = NO;
				SDKROOT = iphoneos;
				VALIDATE_PRODUCT = YES;
			};
			name = Release;
		};
		42C5C6821C1B8D5500CA69B7 /* Debug */ = {
			isa = XCBuildConfiguration;
			buildSettings = {
				ASSETCATALOG_COMPILER_APPICON_NAME = AppIcon;
				INFOPLIST_FILE = "Section-02-Exercise-01-HideBird/Info.plist";
				LD_RUNPATH_SEARCH_PATHS = "$(inherited) @executable_path/Frameworks";
				PRODUCT_BUNDLE_IDENTIFIER = "tonni.hyldgaard.Section-02-Exercise-01-HideBird";
				PRODUCT_NAME = "$(TARGET_NAME)";
			};
			name = Debug;
		};
		42C5C6831C1B8D5500CA69B7 /* Release */ = {
			isa = XCBuildConfiguration;
			buildSettings = {
				ASSETCATALOG_COMPILER_APPICON_NAME = AppIcon;
				INFOPLIST_FILE = "Section-02-Exercise-01-HideBird/Info.plist";
				LD_RUNPATH_SEARCH_PATHS = "$(inherited) @executable_path/Frameworks";
				PRODUCT_BUNDLE_IDENTIFIER = "tonni.hyldgaard.Section-02-Exercise-01-HideBird";
				PRODUCT_NAME = "$(TARGET_NAME)";
			};
			name = Release;
		};
/* End XCBuildConfiguration section */

/* Begin XCConfigurationList section */
		42C5C66A1C1B8D5500CA69B7 /* Build configuration list for PBXProject "Section-02-Exercise-01-HideBird" */ = {
			isa = XCConfigurationList;
			buildConfigurations = (
				42C5C67F1C1B8D5500CA69B7 /* Debug */,
				42C5C6801C1B8D5500CA69B7 /* Release */,
			);
			defaultConfigurationIsVisible = 0;
			defaultConfigurationName = Release;
		};
		42C5C6811C1B8D5500CA69B7 /* Build configuration list for PBXNativeTarget "Section-02-Exercise-01-HideBird" */ = {
			isa = XCConfigurationList;
			buildConfigurations = (
				42C5C6821C1B8D5500CA69B7 /* Debug */,
				42C5C6831C1B8D5500CA69B7 /* Release */,
			);
			defaultConfigurationIsVisible = 0;
		};
/* End XCConfigurationList section */
	};
	rootObject = 42C5C6671C1B8D5500CA69B7 /* Project object */;
}
